
Microsoft Visual Studio Solution File, Format Version 12.00
# Visual Studio Version 16
VisualStudioVersion = 16.0.31624.102
MinimumVisualStudioVersion = 10.0.40219.1
Project("{9A19103F-16F7-4668-BE54-9A1E7A4F7556}") = "SoilMoisture.Device", "SoilMoisture.Device\SoilMoisture.Device.csproj", "{C64C15DA-53F7-48AD-9C1B-B2EE33A7605F}"
EndProject
Project("{FAE04EC0-301F-11D3-BF4B-00C04F79EFBC}") = "SoilMositure.Functions", "SoilMositure.Functions\SoilMositure.Functions.csproj", "{AE42B81D-8E61-46E0-A517-32DBC70FCEED}"
EndProject
Project("{FAE04EC0-301F-11D3-BF4B-00C04F79EFBC}") = "SoilMoisture.Models", "SoilMoisture.Models\SoilMoisture.Models.csproj", "{D966288D-7897-46EB-9DE2-0AE061C1A97A}"
EndProject
Global
	GlobalSection(SolutionConfigurationPlatforms) = preSolution
		Debug|Any CPU = Debug|Any CPU
		Release|Any CPU = Release|Any CPU
	EndGlobalSection
	GlobalSection(ProjectConfigurationPlatforms) = postSolution
		{C64C15DA-53F7-48AD-9C1B-B2EE33A7605F}.Debug|Any CPU.ActiveCfg = Debug|Any CPU
		{C64C15DA-53F7-48AD-9C1B-B2EE33A7605F}.Debug|Any CPU.Build.0 = Debug|Any CPU
		{C64C15DA-53F7-48AD-9C1B-B2EE33A7605F}.Release|Any CPU.ActiveCfg = Release|Any CPU
		{C64C15DA-53F7-48AD-9C1B-B2EE33A7605F}.Release|Any CPU.Build.0 = Release|Any CPU
		{AE42B81D-8E61-46E0-A517-32DBC70FCEED}.Debug|Any CPU.ActiveCfg = Debug|Any CPU
		{AE42B81D-8E61-46E0-A517-32DBC70FCEED}.Debug|Any CPU.Build.0 = Debug|Any CPU
		{AE42B81D-8E61-46E0-A517-32DBC70FCEED}.Release|Any CPU.ActiveCfg = Release|Any CPU
		{AE42B81D-8E61-46E0-A517-32DBC70FCEED}.Release|Any CPU.Build.0 = Release|Any CPU
		{D966288D-7897-46EB-9DE2-0AE061C1A97A}.Debug|Any CPU.ActiveCfg = Debug|Any CPU
		{D966288D-7897-46EB-9DE2-0AE061C1A97A}.Debug|Any CPU.Build.0 = Debug|Any CPU
		{D966288D-7897-46EB-9DE2-0AE061C1A97A}.Release|Any CPU.ActiveCfg = Release|Any CPU
		{D966288D-7897-46EB-9DE2-0AE061C1A97A}.Release|Any CPU.Build.0 = Release|Any CPU
	EndGlobalSection
	GlobalSection(SolutionProperties) = preSolution
		HideSolutionNode = FALSE
	EndGlobalSection
	GlobalSection(ExtensibilityGlobals) = postSolution
		SolutionGuid = {41C04163-1E96-4D40-94CC-1629804E78EC}
	EndGlobalSection
EndGlobal
